
Microsoft Visual Studio Solution File, Format Version 12.00
# Visual Studio Version 16
VisualStudioVersion = 16.0.31702.278
MinimumVisualStudioVersion = 10.0.40219.1
Project("{8BC9CEB8-8B4A-11D0-8D11-00A0C91BC942}") = "c23-24", "c23-24\c23-24.vcxproj", "{9868F304-509F-444D-8E37-33D2D0A7D6D6}"
EndProject
Global
	GlobalSection(SolutionConfigurationPlatforms) = preSolution
		Debug|x64 = Debug|x64
		Debug|x86 = Debug|x86
		Release|x64 = Release|x64
		Release|x86 = Release|x86
	EndGlobalSection
	GlobalSection(ProjectConfigurationPlatforms) = postSolution
		{9868F304-509F-444D-8E37-33D2D0A7D6D6}.Debug|x64.ActiveCfg = Debug|x64
		{9868F304-509F-444D-8E37-33D2D0A7D6D6}.Debug|x64.Build.0 = Debug|x64
		{9868F304-509F-444D-8E37-33D2D0A7D6D6}.Debug|x86.ActiveCfg = Debug|Win32
		{9868F304-509F-444D-8E37-33D2D0A7D6D6}.Debug|x86.Build.0 = Debug|Win32
		{9868F304-509F-444D-8E37-33D2D0A7D6D6}.Release|x64.ActiveCfg = Release|x64
		{9868F304-509F-444D-8E37-33D2D0A7D6D6}.Release|x64.Build.0 = Release|x64
		{9868F304-509F-444D-8E37-33D2D0A7D6D6}.Release|x86.ActiveCfg = Release|Win32
		{9868F304-509F-444D-8E37-33D2D0A7D6D6}.Release|x86.Build.0 = Release|Win32
	EndGlobalSection
	GlobalSection(SolutionProperties) = preSolution
		HideSolutionNode = FALSE
	EndGlobalSection
	GlobalSection(ExtensibilityGlobals) = postSolution
		SolutionGuid = {DD1B19BE-AC5E-491E-A0D6-11211F69E1F8}
	EndGlobalSection
EndGlobal
